// !$*UTF8*$!
{
	archiveVersion = 1;
	classes = {
	};
	objectVersion = 56;
	objects = {

/* Begin PBXBuildFile section */
		3912D4962BB2A260009A12D4 /* CompositePattern.swift in Sources */ = {isa = PBXBuildFile; fileRef = 3912D4952BB2A260009A12D4 /* CompositePattern.swift */; };
		3924B5712BA3FEC600FFEF30 /* CanvasView.swift in Sources */ = {isa = PBXBuildFile; fileRef = 3924B5702BA3FEC600FFEF30 /* CanvasView.swift */; };
		3924B5732BA3FF3D00FFEF30 /* CanvasViewController.swift in Sources */ = {isa = PBXBuildFile; fileRef = 3924B5722BA3FF3D00FFEF30 /* CanvasViewController.swift */; };
		3924B5752BA400D400FFEF30 /* CanvasViewGenerator.swift in Sources */ = {isa = PBXBuildFile; fileRef = 3924B5742BA400D400FFEF30 /* CanvasViewGenerator.swift */; };
		3924B5772BA4281B00FFEF30 /* BrandingFactory.swift in Sources */ = {isa = PBXBuildFile; fileRef = 3924B5762BA4281B00FFEF30 /* BrandingFactory.swift */; };
		3924B5792BA4437C00FFEF30 /* ChasingGame.swift in Sources */ = {isa = PBXBuildFile; fileRef = 3924B5782BA4437C00FFEF30 /* ChasingGame.swift */; };
		394526452BA84122008FD4FD /* Adapter.swift in Sources */ = {isa = PBXBuildFile; fileRef = 394526442BA84122008FD4FD /* Adapter.swift */; };
		394526472BA84870008FD4FD /* PaletteViewController.swift in Sources */ = {isa = PBXBuildFile; fileRef = 394526462BA84870008FD4FD /* PaletteViewController.swift */; };
		394526492BA91EFC008FD4FD /* CommandSlider.swift in Sources */ = {isa = PBXBuildFile; fileRef = 394526482BA91EFC008FD4FD /* CommandSlider.swift */; };
		3945264B2BA92486008FD4FD /* ThumbnailViewController.swift in Sources */ = {isa = PBXBuildFile; fileRef = 3945264A2BA92486008FD4FD /* ThumbnailViewController.swift */; };
		3945264E2BA92B23008FD4FD /* CoordinatingController.swift in Sources */ = {isa = PBXBuildFile; fileRef = 3945264D2BA92B23008FD4FD /* CoordinatingController.swift */; };
		394526502BA94A19008FD4FD /* CanvasButtomToolBar.swift in Sources */ = {isa = PBXBuildFile; fileRef = 3945264F2BA94A19008FD4FD /* CanvasButtomToolBar.swift */; };
		39519CB92B97112D0052503E /* AppDelegate.swift in Sources */ = {isa = PBXBuildFile; fileRef = 39519CB82B97112D0052503E /* AppDelegate.swift */; };
		39519CBB2B97112D0052503E /* SceneDelegate.swift in Sources */ = {isa = PBXBuildFile; fileRef = 39519CBA2B97112D0052503E /* SceneDelegate.swift */; };
		39519CBD2B97112D0052503E /* ViewController.swift in Sources */ = {isa = PBXBuildFile; fileRef = 39519CBC2B97112D0052503E /* ViewController.swift */; };
		39519CC02B97112D0052503E /* Main.storyboard in Resources */ = {isa = PBXBuildFile; fileRef = 39519CBE2B97112D0052503E /* Main.storyboard */; };
		39519CC22B97112E0052503E /* Assets.xcassets in Resources */ = {isa = PBXBuildFile; fileRef = 39519CC12B97112E0052503E /* Assets.xcassets */; };
		39519CC52B97112E0052503E /* LaunchScreen.storyboard in Resources */ = {isa = PBXBuildFile; fileRef = 39519CC32B97112E0052503E /* LaunchScreen.storyboard */; };
		39519CD12B971C5E0052503E /* Mark.swift in Sources */ = {isa = PBXBuildFile; fileRef = 39519CD02B971C5E0052503E /* Mark.swift */; };
		39519CD32B9743D50052503E /* Prototype.swift in Sources */ = {isa = PBXBuildFile; fileRef = 39519CD22B9743D50052503E /* Prototype.swift */; };
		3978F1DB2BAA908B00479394 /* Pods_XHTouchPainter.framework in Embed Frameworks */ = {isa = PBXBuildFile; fileRef = CD7B1C665E560BE98C520633 /* Pods_XHTouchPainter.framework */; settings = {ATTRIBUTES = (CodeSignOnCopy, RemoveHeadersOnCopy, ); }; };
		3978F1E42BAA951300479394 /* UIWindow+.swift in Sources */ = {isa = PBXBuildFile; fileRef = 3978F1E32BAA951300479394 /* UIWindow+.swift */; };
		3978F1E72BABD07B00479394 /* Scribble.swift in Sources */ = {isa = PBXBuildFile; fileRef = 3978F1E62BABD07B00479394 /* Scribble.swift */; };
		39AB2D182BB6627C00647523 /* VisitorPattern.swift in Sources */ = {isa = PBXBuildFile; fileRef = 39AB2D172BB6627C00647523 /* VisitorPattern.swift */; };
		39AB2D1B2BB6996400647523 /* DecoratorPattern.swift in Sources */ = {isa = PBXBuildFile; fileRef = 39AB2D1A2BB6996400647523 /* DecoratorPattern.swift */; };
		39C41F3C2BAC1107005963D4 /* ObserverPattern.swift in Sources */ = {isa = PBXBuildFile; fileRef = 39C41F3B2BAC1107005963D4 /* ObserverPattern.swift */; };
		39DBA7B02BB10E4F00AC80E0 /* TestModel.swift in Sources */ = {isa = PBXBuildFile; fileRef = 39DBA7AF2BB10E4F00AC80E0 /* TestModel.swift */; };
		39DBA7B22BB1116200AC80E0 /* XBezierPath.swift in Sources */ = {isa = PBXBuildFile; fileRef = 39DBA7B12BB1116200AC80E0 /* XBezierPath.swift */; };
		39FB2A6E2BC3A4CC00B3B54B /* ChainResponsibilityPattern.swift in Sources */ = {isa = PBXBuildFile; fileRef = 39FB2A6D2BC3A4CC00B3B54B /* ChainResponsibilityPattern.swift */; };
		5B365CFD412F23716454B770 /* Pods_XHTouchPainter.framework in Frameworks */ = {isa = PBXBuildFile; fileRef = 6F25A6F56DB8FEA87780933D /* Pods_XHTouchPainter.framework */; };
/* End PBXBuildFile section */

/* Begin PBXCopyFilesBuildPhase section */
		3978F1DC2BAA908B00479394 /* Embed Frameworks */ = {
			isa = PBXCopyFilesBuildPhase;
			buildActionMask = 2147483647;
			dstPath = "";
			dstSubfolderSpec = 10;
			files = (
				3978F1DB2BAA908B00479394 /* Pods_XHTouchPainter.framework in Embed Frameworks */,
			);
			name = "Embed Frameworks";
			runOnlyForDeploymentPostprocessing = 0;
		};
/* End PBXCopyFilesBuildPhase section */

/* Begin PBXFileReference section */
		37C92FC903ABB8DACAF48E66 /* Pods-XHTouchPainter.release.xcconfig */ = {isa = PBXFileReference; includeInIndex = 1; lastKnownFileType = text.xcconfig; name = "Pods-XHTouchPainter.release.xcconfig"; path = "Target Support Files/Pods-XHTouchPainter/Pods-XHTouchPainter.release.xcconfig"; sourceTree = "<group>"; };
		3912D4952BB2A260009A12D4 /* CompositePattern.swift */ = {isa = PBXFileReference; lastKnownFileType = sourcecode.swift; path = CompositePattern.swift; sourceTree = "<group>"; };
		3924B5702BA3FEC600FFEF30 /* CanvasView.swift */ = {isa = PBXFileReference; lastKnownFileType = sourcecode.swift; path = CanvasView.swift; sourceTree = "<group>"; };
		3924B5722BA3FF3D00FFEF30 /* CanvasViewController.swift */ = {isa = PBXFileReference; lastKnownFileType = sourcecode.swift; path = CanvasViewController.swift; sourceTree = "<group>"; };
		3924B5742BA400D400FFEF30 /* CanvasViewGenerator.swift */ = {isa = PBXFileReference; lastKnownFileType = sourcecode.swift; path = CanvasViewGenerator.swift; sourceTree = "<group>"; };
		3924B5762BA4281B00FFEF30 /* BrandingFactory.swift */ = {isa = PBXFileReference; lastKnownFileType = sourcecode.swift; path = BrandingFactory.swift; sourceTree = "<group>"; };
		3924B5782BA4437C00FFEF30 /* ChasingGame.swift */ = {isa = PBXFileReference; lastKnownFileType = sourcecode.swift; path = ChasingGame.swift; sourceTree = "<group>"; };
		394526442BA84122008FD4FD /* Adapter.swift */ = {isa = PBXFileReference; lastKnownFileType = sourcecode.swift; path = Adapter.swift; sourceTree = "<group>"; };
		394526462BA84870008FD4FD /* PaletteViewController.swift */ = {isa = PBXFileReference; lastKnownFileType = sourcecode.swift; path = PaletteViewController.swift; sourceTree = "<group>"; };
		394526482BA91EFC008FD4FD /* CommandSlider.swift */ = {isa = PBXFileReference; lastKnownFileType = sourcecode.swift; path = CommandSlider.swift; sourceTree = "<group>"; };
		3945264A2BA92486008FD4FD /* ThumbnailViewController.swift */ = {isa = PBXFileReference; lastKnownFileType = sourcecode.swift; path = ThumbnailViewController.swift; sourceTree = "<group>"; };
		3945264D2BA92B23008FD4FD /* CoordinatingController.swift */ = {isa = PBXFileReference; lastKnownFileType = sourcecode.swift; path = CoordinatingController.swift; sourceTree = "<group>"; };
		3945264F2BA94A19008FD4FD /* CanvasButtomToolBar.swift */ = {isa = PBXFileReference; lastKnownFileType = sourcecode.swift; path = CanvasButtomToolBar.swift; sourceTree = "<group>"; };
		39519CB52B97112D0052503E /* XHTouchPainter.app */ = {isa = PBXFileReference; explicitFileType = wrapper.application; includeInIndex = 0; path = XHTouchPainter.app; sourceTree = BUILT_PRODUCTS_DIR; };
		39519CB82B97112D0052503E /* AppDelegate.swift */ = {isa = PBXFileReference; lastKnownFileType = sourcecode.swift; path = AppDelegate.swift; sourceTree = "<group>"; };
		39519CBA2B97112D0052503E /* SceneDelegate.swift */ = {isa = PBXFileReference; lastKnownFileType = sourcecode.swift; path = SceneDelegate.swift; sourceTree = "<group>"; };
		39519CBC2B97112D0052503E /* ViewController.swift */ = {isa = PBXFileReference; lastKnownFileType = sourcecode.swift; path = ViewController.swift; sourceTree = "<group>"; };
		39519CBF2B97112D0052503E /* Base */ = {isa = PBXFileReference; lastKnownFileType = file.storyboard; name = Base; path = Base.lproj/Main.storyboard; sourceTree = "<group>"; };
		39519CC12B97112E0052503E /* Assets.xcassets */ = {isa = PBXFileReference; lastKnownFileType = folder.assetcatalog; path = Assets.xcassets; sourceTree = "<group>"; };
		39519CC42B97112E0052503E /* Base */ = {isa = PBXFileReference; lastKnownFileType = file.storyboard; name = Base; path = Base.lproj/LaunchScreen.storyboard; sourceTree = "<group>"; };
		39519CC62B97112E0052503E /* Info.plist */ = {isa = PBXFileReference; lastKnownFileType = text.plist.xml; path = Info.plist; sourceTree = "<group>"; };
		39519CCE2B971A4F0052503E /* README.md */ = {isa = PBXFileReference; fileEncoding = 4; lastKnownFileType = net.daringfireball.markdown; name = README.md; path = ../README.md; sourceTree = "<group>"; };
		39519CD02B971C5E0052503E /* Mark.swift */ = {isa = PBXFileReference; lastKnownFileType = sourcecode.swift; path = Mark.swift; sourceTree = "<group>"; };
		39519CD22B9743D50052503E /* Prototype.swift */ = {isa = PBXFileReference; lastKnownFileType = sourcecode.swift; path = Prototype.swift; sourceTree = "<group>"; };
		3978F1E32BAA951300479394 /* UIWindow+.swift */ = {isa = PBXFileReference; lastKnownFileType = sourcecode.swift; path = "UIWindow+.swift"; sourceTree = "<group>"; };
		3978F1E62BABD07B00479394 /* Scribble.swift */ = {isa = PBXFileReference; lastKnownFileType = sourcecode.swift; path = Scribble.swift; sourceTree = "<group>"; };
		39AB2D172BB6627C00647523 /* VisitorPattern.swift */ = {isa = PBXFileReference; lastKnownFileType = sourcecode.swift; path = VisitorPattern.swift; sourceTree = "<group>"; };
		39AB2D1A2BB6996400647523 /* DecoratorPattern.swift */ = {isa = PBXFileReference; lastKnownFileType = sourcecode.swift; path = DecoratorPattern.swift; sourceTree = "<group>"; };
		39AB2D1C2BBBE97400647523 /* XHTouchPainter-Bridging-Header.h */ = {isa = PBXFileReference; lastKnownFileType = sourcecode.c.h; path = "XHTouchPainter-Bridging-Header.h"; sourceTree = "<group>"; };
		39C41F3B2BAC1107005963D4 /* ObserverPattern.swift */ = {isa = PBXFileReference; lastKnownFileType = sourcecode.swift; path = ObserverPattern.swift; sourceTree = "<group>"; };
		39DBA7AF2BB10E4F00AC80E0 /* TestModel.swift */ = {isa = PBXFileReference; lastKnownFileType = sourcecode.swift; path = TestModel.swift; sourceTree = "<group>"; };
		39DBA7B12BB1116200AC80E0 /* XBezierPath.swift */ = {isa = PBXFileReference; lastKnownFileType = sourcecode.swift; path = XBezierPath.swift; sourceTree = "<group>"; };
		39FB2A6D2BC3A4CC00B3B54B /* ChainResponsibilityPattern.swift */ = {isa = PBXFileReference; lastKnownFileType = sourcecode.swift; path = ChainResponsibilityPattern.swift; sourceTree = "<group>"; };
		468EAE25B6C2CAA5B94C05CA /* Pods-XHTouchPainter.debug.xcconfig */ = {isa = PBXFileReference; includeInIndex = 1; lastKnownFileType = text.xcconfig; name = "Pods-XHTouchPainter.debug.xcconfig"; path = "Target Support Files/Pods-XHTouchPainter/Pods-XHTouchPainter.debug.xcconfig"; sourceTree = "<group>"; };
		6F25A6F56DB8FEA87780933D /* Pods_XHTouchPainter.framework */ = {isa = PBXFileReference; explicitFileType = wrapper.framework; includeInIndex = 0; path = Pods_XHTouchPainter.framework; sourceTree = BUILT_PRODUCTS_DIR; };
		CD7B1C665E560BE98C520633 /* Pods_XHTouchPainter.framework */ = {isa = PBXFileReference; explicitFileType = wrapper.framework; includeInIndex = 0; path = Pods_XHTouchPainter.framework; sourceTree = BUILT_PRODUCTS_DIR; };
/* End PBXFileReference section */

/* Begin PBXFrameworksBuildPhase section */
		39519CB22B97112D0052503E /* Frameworks */ = {
			isa = PBXFrameworksBuildPhase;
			buildActionMask = 2147483647;
			files = (
				5B365CFD412F23716454B770 /* Pods_XHTouchPainter.framework in Frameworks */,
			);
			runOnlyForDeploymentPostprocessing = 0;
		};
/* End PBXFrameworksBuildPhase section */

/* Begin PBXGroup section */
		1D75EECA3253ACCFE6B45774 /* Pods */ = {
			isa = PBXGroup;
			children = (
				468EAE25B6C2CAA5B94C05CA /* Pods-XHTouchPainter.debug.xcconfig */,
				37C92FC903ABB8DACAF48E66 /* Pods-XHTouchPainter.release.xcconfig */,
			);
			path = Pods;
			sourceTree = "<group>";
		};
		2E2E9C721A235D030E213311 /* Frameworks */ = {
			isa = PBXGroup;
			children = (
				6F25A6F56DB8FEA87780933D /* Pods_XHTouchPainter.framework */,
			);
			name = Frameworks;
			sourceTree = "<group>";
		};
		3945264C2BA9248E008FD4FD /* main */ = {
			isa = PBXGroup;
			children = (
				3945264A2BA92486008FD4FD /* ThumbnailViewController.swift */,
				394526462BA84870008FD4FD /* PaletteViewController.swift */,
				3924B5722BA3FF3D00FFEF30 /* CanvasViewController.swift */,
				3945264F2BA94A19008FD4FD /* CanvasButtomToolBar.swift */,
				3945264D2BA92B23008FD4FD /* CoordinatingController.swift */,
			);
			path = main;
			sourceTree = "<group>";
		};
		39519CAC2B97112D0052503E = {
			isa = PBXGroup;
			children = (
				39519CCE2B971A4F0052503E /* README.md */,
				39519CB72B97112D0052503E /* XHTouchPainter */,
				39519CB62B97112D0052503E /* Products */,
				1D75EECA3253ACCFE6B45774 /* Pods */,
				2E2E9C721A235D030E213311 /* Frameworks */,
				3978F1E12BAA926100479394 /* Recovered References */,
			);
			sourceTree = "<group>";
		};
		39519CB62B97112D0052503E /* Products */ = {
			isa = PBXGroup;
			children = (
				39519CB52B97112D0052503E /* XHTouchPainter.app */,
			);
			name = Products;
			sourceTree = "<group>";
		};
		39519CB72B97112D0052503E /* XHTouchPainter */ = {
			isa = PBXGroup;
			children = (
				39AB2D192BB665AE00647523 /* DesignPattern */,
				39519CC62B97112E0052503E /* Info.plist */,
				39519CCD2B9719840052503E /* ViewControllers */,
				3978F1E52BABD05B00479394 /* Model */,
				39519CCC2B9719760052503E /* Root */,
				3978F1E22BAA950800479394 /* Extensions */,
			);
			path = XHTouchPainter;
			sourceTree = "<group>";
		};
		39519CCC2B9719760052503E /* Root */ = {
			isa = PBXGroup;
			children = (
				39519CB82B97112D0052503E /* AppDelegate.swift */,
				39519CBA2B97112D0052503E /* SceneDelegate.swift */,
				39519CBC2B97112D0052503E /* ViewController.swift */,
				39519CBE2B97112D0052503E /* Main.storyboard */,
				39519CC12B97112E0052503E /* Assets.xcassets */,
				39519CC32B97112E0052503E /* LaunchScreen.storyboard */,
			);
			path = Root;
			sourceTree = "<group>";
		};
		39519CCD2B9719840052503E /* ViewControllers */ = {
			isa = PBXGroup;
			children = (
				3945264C2BA9248E008FD4FD /* main */,
				3924B5702BA3FEC600FFEF30 /* CanvasView.swift */,
				3924B5742BA400D400FFEF30 /* CanvasViewGenerator.swift */,
				394526482BA91EFC008FD4FD /* CommandSlider.swift */,
			);
			path = ViewControllers;
			sourceTree = "<group>";
		};
		3978F1E12BAA926100479394 /* Recovered References */ = {
			isa = PBXGroup;
			children = (
				CD7B1C665E560BE98C520633 /* Pods_XHTouchPainter.framework */,
			);
			name = "Recovered References";
			sourceTree = "<group>";
		};
		3978F1E22BAA950800479394 /* Extensions */ = {
			isa = PBXGroup;
			children = (
				3978F1E32BAA951300479394 /* UIWindow+.swift */,
			);
			path = Extensions;
			sourceTree = "<group>";
		};
		3978F1E52BABD05B00479394 /* Model */ = {
			isa = PBXGroup;
			children = (
				39519CD02B971C5E0052503E /* Mark.swift */,
				3978F1E62BABD07B00479394 /* Scribble.swift */,
				39519CD22B9743D50052503E /* Prototype.swift */,
				39DBA7AF2BB10E4F00AC80E0 /* TestModel.swift */,
				39DBA7B12BB1116200AC80E0 /* XBezierPath.swift */,
			);
			path = Model;
			sourceTree = "<group>";
		};
		39AB2D192BB665AE00647523 /* DesignPattern */ = {
			isa = PBXGroup;
			children = (
				3924B5762BA4281B00FFEF30 /* BrandingFactory.swift */,
				39C41F3B2BAC1107005963D4 /* ObserverPattern.swift */,
				3912D4952BB2A260009A12D4 /* CompositePattern.swift */,
				39AB2D172BB6627C00647523 /* VisitorPattern.swift */,
				39AB2D1A2BB6996400647523 /* DecoratorPattern.swift */,
				39FB2A6D2BC3A4CC00B3B54B /* ChainResponsibilityPattern.swift */,
				3924B5782BA4437C00FFEF30 /* ChasingGame.swift */,
				394526442BA84122008FD4FD /* Adapter.swift */,
				39AB2D1C2BBBE97400647523 /* XHTouchPainter-Bridging-Header.h */,
			);
			path = DesignPattern;
			sourceTree = "<group>";
		};
/* End PBXGroup section */

/* Begin PBXNativeTarget section */
		39519CB42B97112D0052503E /* XHTouchPainter */ = {
			isa = PBXNativeTarget;
			buildConfigurationList = 39519CC92B97112E0052503E /* Build configuration list for PBXNativeTarget "XHTouchPainter" */;
			buildPhases = (
				9880E35C153BFF9181769D3E /* [CP] Check Pods Manifest.lock */,
				39519CB12B97112D0052503E /* Sources */,
				39519CB22B97112D0052503E /* Frameworks */,
				39519CB32B97112D0052503E /* Resources */,
				3978F1DC2BAA908B00479394 /* Embed Frameworks */,
				52A6C15BAC1EC4433C2B6734 /* [CP] Embed Pods Frameworks */,
			);
			buildRules = (
			);
			dependencies = (
			);
			name = XHTouchPainter;
			productName = XHTouchPainter;
			productReference = 39519CB52B97112D0052503E /* XHTouchPainter.app */;
			productType = "com.apple.product-type.application";
		};
/* End PBXNativeTarget section */

/* Begin PBXProject section */
		39519CAD2B97112D0052503E /* Project object */ = {
			isa = PBXProject;
			attributes = {
				BuildIndependentTargetsInParallel = 1;
				LastSwiftUpdateCheck = 1520;
				LastUpgradeCheck = 1520;
				TargetAttributes = {
					39519CB42B97112D0052503E = {
						CreatedOnToolsVersion = 15.2;
						LastSwiftMigration = 1520;
					};
				};
			};
			buildConfigurationList = 39519CB02B97112D0052503E /* Build configuration list for PBXProject "XHTouchPainter" */;
			compatibilityVersion = "Xcode 14.0";
			developmentRegion = en;
			hasScannedForEncodings = 0;
			knownRegions = (
				en,
				Base,
			);
			mainGroup = 39519CAC2B97112D0052503E;
			productRefGroup = 39519CB62B97112D0052503E /* Products */;
			projectDirPath = "";
			projectRoot = "";
			targets = (
				39519CB42B97112D0052503E /* XHTouchPainter */,
			);
		};
/* End PBXProject section */

/* Begin PBXResourcesBuildPhase section */
		39519CB32B97112D0052503E /* Resources */ = {
			isa = PBXResourcesBuildPhase;
			buildActionMask = 2147483647;
			files = (
				39519CC52B97112E0052503E /* LaunchScreen.storyboard in Resources */,
				39519CC22B97112E0052503E /* Assets.xcassets in Resources */,
				39519CC02B97112D0052503E /* Main.storyboard in Resources */,
			);
			runOnlyForDeploymentPostprocessing = 0;
		};
/* End PBXResourcesBuildPhase section */

/* Begin PBXShellScriptBuildPhase section */
		52A6C15BAC1EC4433C2B6734 /* [CP] Embed Pods Frameworks */ = {
			isa = PBXShellScriptBuildPhase;
			buildActionMask = 2147483647;
			files = (
			);
			inputFileListPaths = (
				"${PODS_ROOT}/Target Support Files/Pods-XHTouchPainter/Pods-XHTouchPainter-frameworks-${CONFIGURATION}-input-files.xcfilelist",
			);
			name = "[CP] Embed Pods Frameworks";
			outputFileListPaths = (
				"${PODS_ROOT}/Target Support Files/Pods-XHTouchPainter/Pods-XHTouchPainter-frameworks-${CONFIGURATION}-output-files.xcfilelist",
			);
			runOnlyForDeploymentPostprocessing = 0;
			shellPath = /bin/sh;
			shellScript = "\"${PODS_ROOT}/Target Support Files/Pods-XHTouchPainter/Pods-XHTouchPainter-frameworks.sh\"\n";
			showEnvVarsInLog = 0;
		};
		9880E35C153BFF9181769D3E /* [CP] Check Pods Manifest.lock */ = {
			isa = PBXShellScriptBuildPhase;
			buildActionMask = 2147483647;
			files = (
			);
			inputFileListPaths = (
			);
			inputPaths = (
				"${PODS_PODFILE_DIR_PATH}/Podfile.lock",
				"${PODS_ROOT}/Manifest.lock",
			);
			name = "[CP] Check Pods Manifest.lock";
			outputFileListPaths = (
			);
			outputPaths = (
				"$(DERIVED_FILE_DIR)/Pods-XHTouchPainter-checkManifestLockResult.txt",
			);
			runOnlyForDeploymentPostprocessing = 0;
			shellPath = /bin/sh;
			shellScript = "diff \"${PODS_PODFILE_DIR_PATH}/Podfile.lock\" \"${PODS_ROOT}/Manifest.lock\" > /dev/null\nif [ $? != 0 ] ; then\n    # print error to STDERR\n    echo \"error: The sandbox is not in sync with the Podfile.lock. Run 'pod install' or update your CocoaPods installation.\" >&2\n    exit 1\nfi\n# This output is used by Xcode 'outputs' to avoid re-running this script phase.\necho \"SUCCESS\" > \"${SCRIPT_OUTPUT_FILE_0}\"\n";
			showEnvVarsInLog = 0;
		};
/* End PBXShellScriptBuildPhase section */

/* Begin PBXSourcesBuildPhase section */
		39519CB12B97112D0052503E /* Sources */ = {
			isa = PBXSourcesBuildPhase;
			buildActionMask = 2147483647;
			files = (
				39519CD12B971C5E0052503E /* Mark.swift in Sources */,
				3978F1E72BABD07B00479394 /* Scribble.swift in Sources */,
				39519CD32B9743D50052503E /* Prototype.swift in Sources */,
				3945264E2BA92B23008FD4FD /* CoordinatingController.swift in Sources */,
				3924B5752BA400D400FFEF30 /* CanvasViewGenerator.swift in Sources */,
				39FB2A6E2BC3A4CC00B3B54B /* ChainResponsibilityPattern.swift in Sources */,
				3924B5712BA3FEC600FFEF30 /* CanvasView.swift in Sources */,
				394526492BA91EFC008FD4FD /* CommandSlider.swift in Sources */,
				39DBA7B02BB10E4F00AC80E0 /* TestModel.swift in Sources */,
				394526472BA84870008FD4FD /* PaletteViewController.swift in Sources */,
				39519CBD2B97112D0052503E /* ViewController.swift in Sources */,
				39AB2D1B2BB6996400647523 /* DecoratorPattern.swift in Sources */,
				3912D4962BB2A260009A12D4 /* CompositePattern.swift in Sources */,
				3978F1E42BAA951300479394 /* UIWindow+.swift in Sources */,
				39519CB92B97112D0052503E /* AppDelegate.swift in Sources */,
				39AB2D182BB6627C00647523 /* VisitorPattern.swift in Sources */,
				39DBA7B22BB1116200AC80E0 /* XBezierPath.swift in Sources */,
				394526452BA84122008FD4FD /* Adapter.swift in Sources */,
				3924B5772BA4281B00FFEF30 /* BrandingFactory.swift in Sources */,
				3924B5732BA3FF3D00FFEF30 /* CanvasViewController.swift in Sources */,
				39519CBB2B97112D0052503E /* SceneDelegate.swift in Sources */,
				3924B5792BA4437C00FFEF30 /* ChasingGame.swift in Sources */,
				39C41F3C2BAC1107005963D4 /* ObserverPattern.swift in Sources */,
				394526502BA94A19008FD4FD /* CanvasButtomToolBar.swift in Sources */,
				3945264B2BA92486008FD4FD /* ThumbnailViewController.swift in Sources */,
			);
			runOnlyForDeploymentPostprocessing = 0;
		};
/* End PBXSourcesBuildPhase section */

/* Begin PBXVariantGroup section */
		39519CBE2B97112D0052503E /* Main.storyboard */ = {
			isa = PBXVariantGroup;
			children = (
				39519CBF2B97112D0052503E /* Base */,
			);
			name = Main.storyboard;
			sourceTree = "<group>";
		};
		39519CC32B97112E0052503E /* LaunchScreen.storyboard */ = {
			isa = PBXVariantGroup;
			children = (
				39519CC42B97112E0052503E /* Base */,
			);
			name = LaunchScreen.storyboard;
			sourceTree = "<group>";
		};
/* End PBXVariantGroup section */

/* Begin XCBuildConfiguration section */
		39519CC72B97112E0052503E /* Debug */ = {
			isa = XCBuildConfiguration;
			buildSettings = {
				ALWAYS_SEARCH_USER_PATHS = NO;
				ASSETCATALOG_COMPILER_GENERATE_SWIFT_ASSET_SYMBOL_EXTENSIONS = YES;
				CLANG_ANALYZER_NONNULL = YES;
				CLANG_ANALYZER_NUMBER_OBJECT_CONVERSION = YES_AGGRESSIVE;
				CLANG_CXX_LANGUAGE_STANDARD = "gnu++20";
				CLANG_ENABLE_MODULES = YES;
				CLANG_ENABLE_OBJC_ARC = YES;
				CLANG_ENABLE_OBJC_WEAK = YES;
				CLANG_WARN_BLOCK_CAPTURE_AUTORELEASING = YES;
				CLANG_WARN_BOOL_CONVERSION = YES;
				CLANG_WARN_COMMA = YES;
				CLANG_WARN_CONSTANT_CONVERSION = YES;
				CLANG_WARN_DEPRECATED_OBJC_IMPLEMENTATIONS = YES;
				CLANG_WARN_DIRECT_OBJC_ISA_USAGE = YES_ERROR;
				CLANG_WARN_DOCUMENTATION_COMMENTS = YES;
				CLANG_WARN_EMPTY_BODY = YES;
				CLANG_WARN_ENUM_CONVERSION = YES;
				CLANG_WARN_INFINITE_RECURSION = YES;
				CLANG_WARN_INT_CONVERSION = YES;
				CLANG_WARN_NON_LITERAL_NULL_CONVERSION = YES;
				CLANG_WARN_OBJC_IMPLICIT_RETAIN_SELF = YES;
				CLANG_WARN_OBJC_LITERAL_CONVERSION = YES;
				CLANG_WARN_OBJC_ROOT_CLASS = YES_ERROR;
				CLANG_WARN_QUOTED_INCLUDE_IN_FRAMEWORK_HEADER = YES;
				CLANG_WARN_RANGE_LOOP_ANALYSIS = YES;
				CLANG_WARN_STRICT_PROTOTYPES = YES;
				CLANG_WARN_SUSPICIOUS_MOVE = YES;
				CLANG_WARN_UNGUARDED_AVAILABILITY = YES_AGGRESSIVE;
				CLANG_WARN_UNREACHABLE_CODE = YES;
				CLANG_WARN__DUPLICATE_METHOD_MATCH = YES;
				COPY_PHASE_STRIP = NO;
				DEBUG_INFORMATION_FORMAT = dwarf;
				ENABLE_STRICT_OBJC_MSGSEND = YES;
				ENABLE_TESTABILITY = YES;
				ENABLE_USER_SCRIPT_SANDBOXING = YES;
				GCC_C_LANGUAGE_STANDARD = gnu17;
				GCC_DYNAMIC_NO_PIC = NO;
				GCC_NO_COMMON_BLOCKS = YES;
				GCC_OPTIMIZATION_LEVEL = 0;
				GCC_PREPROCESSOR_DEFINITIONS = (
					"DEBUG=1",
					"$(inherited)",
				);
				GCC_WARN_64_TO_32_BIT_CONVERSION = YES;
				GCC_WARN_ABOUT_RETURN_TYPE = YES_ERROR;
				GCC_WARN_UNDECLARED_SELECTOR = YES;
				GCC_WARN_UNINITIALIZED_AUTOS = YES_AGGRESSIVE;
				GCC_WARN_UNUSED_FUNCTION = YES;
				GCC_WARN_UNUSED_VARIABLE = YES;
				IPHONEOS_DEPLOYMENT_TARGET = 13.0;
				LOCALIZATION_PREFERS_STRING_CATALOGS = YES;
				MTL_ENABLE_DEBUG_INFO = INCLUDE_SOURCE;
				MTL_FAST_MATH = YES;
				ONLY_ACTIVE_ARCH = YES;
				SDKROOT = iphoneos;
				SWIFT_ACTIVE_COMPILATION_CONDITIONS = "DEBUG $(inherited)";
				SWIFT_OPTIMIZATION_LEVEL = "-Onone";
			};
			name = Debug;
		};
		39519CC82B97112E0052503E /* Release */ = {
			isa = XCBuildConfiguration;
			buildSettings = {
				ALWAYS_SEARCH_USER_PATHS = NO;
				ASSETCATALOG_COMPILER_GENERATE_SWIFT_ASSET_SYMBOL_EXTENSIONS = YES;
				CLANG_ANALYZER_NONNULL = YES;
				CLANG_ANALYZER_NUMBER_OBJECT_CONVERSION = YES_AGGRESSIVE;
				CLANG_CXX_LANGUAGE_STANDARD = "gnu++20";
				CLANG_ENABLE_MODULES = YES;
				CLANG_ENABLE_OBJC_ARC = YES;
				CLANG_ENABLE_OBJC_WEAK = YES;
				CLANG_WARN_BLOCK_CAPTURE_AUTORELEASING = YES;
				CLANG_WARN_BOOL_CONVERSION = YES;
				CLANG_WARN_COMMA = YES;
				CLANG_WARN_CONSTANT_CONVERSION = YES;
				CLANG_WARN_DEPRECATED_OBJC_IMPLEMENTATIONS = YES;
				CLANG_WARN_DIRECT_OBJC_ISA_USAGE = YES_ERROR;
				CLANG_WARN_DOCUMENTATION_COMMENTS = YES;
				CLANG_WARN_EMPTY_BODY = YES;
				CLANG_WARN_ENUM_CONVERSION = YES;
				CLANG_WARN_INFINITE_RECURSION = YES;
				CLANG_WARN_INT_CONVERSION = YES;
				CLANG_WARN_NON_LITERAL_NULL_CONVERSION = YES;
				CLANG_WARN_OBJC_IMPLICIT_RETAIN_SELF = YES;
				CLANG_WARN_OBJC_LITERAL_CONVERSION = YES;
				CLANG_WARN_OBJC_ROOT_CLASS = YES_ERROR;
				CLANG_WARN_QUOTED_INCLUDE_IN_FRAMEWORK_HEADER = YES;
				CLANG_WARN_RANGE_LOOP_ANALYSIS = YES;
				CLANG_WARN_STRICT_PROTOTYPES = YES;
				CLANG_WARN_SUSPICIOUS_MOVE = YES;
				CLANG_WARN_UNGUARDED_AVAILABILITY = YES_AGGRESSIVE;
				CLANG_WARN_UNREACHABLE_CODE = YES;
				CLANG_WARN__DUPLICATE_METHOD_MATCH = YES;
				COPY_PHASE_STRIP = NO;
				DEBUG_INFORMATION_FORMAT = "dwarf-with-dsym";
				ENABLE_NS_ASSERTIONS = NO;
				ENABLE_STRICT_OBJC_MSGSEND = YES;
				ENABLE_USER_SCRIPT_SANDBOXING = YES;
				GCC_C_LANGUAGE_STANDARD = gnu17;
				GCC_NO_COMMON_BLOCKS = YES;
				GCC_WARN_64_TO_32_BIT_CONVERSION = YES;
				GCC_WARN_ABOUT_RETURN_TYPE = YES_ERROR;
				GCC_WARN_UNDECLARED_SELECTOR = YES;
				GCC_WARN_UNINITIALIZED_AUTOS = YES_AGGRESSIVE;
				GCC_WARN_UNUSED_FUNCTION = YES;
				GCC_WARN_UNUSED_VARIABLE = YES;
				IPHONEOS_DEPLOYMENT_TARGET = 13.0;
				LOCALIZATION_PREFERS_STRING_CATALOGS = YES;
				MTL_ENABLE_DEBUG_INFO = NO;
				MTL_FAST_MATH = YES;
				SDKROOT = iphoneos;
				SWIFT_COMPILATION_MODE = wholemodule;
				VALIDATE_PRODUCT = YES;
			};
			name = Release;
		};
		39519CCA2B97112E0052503E /* Debug */ = {
			isa = XCBuildConfiguration;
			baseConfigurationReference = 468EAE25B6C2CAA5B94C05CA /* Pods-XHTouchPainter.debug.xcconfig */;
			buildSettings = {
				ASSETCATALOG_COMPILER_APPICON_NAME = AppIcon;
				ASSETCATALOG_COMPILER_GLOBAL_ACCENT_COLOR_NAME = AccentColor;
				CLANG_ENABLE_MODULES = YES;
				CODE_SIGN_STYLE = Automatic;
				CURRENT_PROJECT_VERSION = 1;
				DEVELOPMENT_TEAM = 4FL73ALZAY;
				ENABLE_USER_SCRIPT_SANDBOXING = NO;
				FRAMEWORK_SEARCH_PATHS = (
					"$(inherited)",
					"\"${PODS_CONFIGURATION_BUILD_DIR}/SnapKit\"",
				);
				GENERATE_INFOPLIST_FILE = YES;
				INFOPLIST_FILE = XHTouchPainter/Info.plist;
				INFOPLIST_KEY_UIApplicationSupportsIndirectInputEvents = YES;
				INFOPLIST_KEY_UILaunchStoryboardName = LaunchScreen;
				INFOPLIST_KEY_UIMainStoryboardFile = Main;
				INFOPLIST_KEY_UISupportedInterfaceOrientations_iPad = "UIInterfaceOrientationPortrait UIInterfaceOrientationPortraitUpsideDown UIInterfaceOrientationLandscapeLeft UIInterfaceOrientationLandscapeRight";
				INFOPLIST_KEY_UISupportedInterfaceOrientations_iPhone = "UIInterfaceOrientationPortrait UIInterfaceOrientationLandscapeLeft UIInterfaceOrientationLandscapeRight";
				LD_RUNPATH_SEARCH_PATHS = (
					"$(inherited)",
					"@executable_path/Frameworks",
				);
				MACH_O_TYPE = mh_execute;
				MARKETING_VERSION = 1.0;
				PRODUCT_BUNDLE_IDENTIFIER = com.afirstsoft.XHTouchPainter;
				PRODUCT_NAME = "$(TARGET_NAME)";
				SWIFT_EMIT_LOC_STRINGS = YES;
				SWIFT_OBJC_BRIDGING_HEADER = "XHTouchPainter/DesignPattern/XHTouchPainter-Bridging-Header.h";
				SWIFT_OPTIMIZATION_LEVEL = "-Onone";
				SWIFT_VERSION = 5.0;
				TARGETED_DEVICE_FAMILY = "1,2";
			};
			name = Debug;
		};
		39519CCB2B97112E0052503E /* Release */ = {
			isa = XCBuildConfiguration;
			baseConfigurationReference = 37C92FC903ABB8DACAF48E66 /* Pods-XHTouchPainter.release.xcconfig */;
			buildSettings = {
				ASSETCATALOG_COMPILER_APPICON_NAME = AppIcon;
				ASSETCATALOG_COMPILER_GLOBAL_ACCENT_COLOR_NAME = AccentColor;
				CLANG_ENABLE_MODULES = YES;
				CODE_SIGN_STYLE = Automatic;
				CURRENT_PROJECT_VERSION = 1;
				DEVELOPMENT_TEAM = 4FL73ALZAY;
				ENABLE_USER_SCRIPT_SANDBOXING = NO;
				FRAMEWORK_SEARCH_PATHS = (
					"$(inherited)",
					"\"${PODS_CONFIGURATION_BUILD_DIR}/SnapKit\"",
				);
				GENERATE_INFOPLIST_FILE = YES;
				INFOPLIST_FILE = XHTouchPainter/Info.plist;
				INFOPLIST_KEY_UIApplicationSupportsIndirectInputEvents = YES;
				INFOPLIST_KEY_UILaunchStoryboardName = LaunchScreen;
				INFOPLIST_KEY_UIMainStoryboardFile = Main;
				INFOPLIST_KEY_UISupportedInterfaceOrientations_iPad = "UIInterfaceOrientationPortrait UIInterfaceOrientationPortraitUpsideDown UIInterfaceOrientationLandscapeLeft UIInterfaceOrientationLandscapeRight";
				INFOPLIST_KEY_UISupportedInterfaceOrientations_iPhone = "UIInterfaceOrientationPortrait UIInterfaceOrientationLandscapeLeft UIInterfaceOrientationLandscapeRight";
				LD_RUNPATH_SEARCH_PATHS = (
					"$(inherited)",
					"@executable_path/Frameworks",
				);
				MACH_O_TYPE = mh_execute;
				MARKETING_VERSION = 1.0;
				PRODUCT_BUNDLE_IDENTIFIER = com.afirstsoft.XHTouchPainter;
				PRODUCT_NAME = "$(TARGET_NAME)";
				SWIFT_EMIT_LOC_STRINGS = YES;
				SWIFT_OBJC_BRIDGING_HEADER = "XHTouchPainter/DesignPattern/XHTouchPainter-Bridging-Header.h";
				SWIFT_VERSION = 5.0;
				TARGETED_DEVICE_FAMILY = "1,2";
			};
			name = Release;
		};
/* End XCBuildConfiguration section */

/* Begin XCConfigurationList section */
		39519CB02B97112D0052503E /* Build configuration list for PBXProject "XHTouchPainter" */ = {
			isa = XCConfigurationList;
			buildConfigurations = (
				39519CC72B97112E0052503E /* Debug */,
				39519CC82B97112E0052503E /* Release */,
			);
			defaultConfigurationIsVisible = 0;
			defaultConfigurationName = Release;
		};
		39519CC92B97112E0052503E /* Build configuration list for PBXNativeTarget "XHTouchPainter" */ = {
			isa = XCConfigurationList;
			buildConfigurations = (
				39519CCA2B97112E0052503E /* Debug */,
				39519CCB2B97112E0052503E /* Release */,
			);
			defaultConfigurationIsVisible = 0;
			defaultConfigurationName = Release;
		};
/* End XCConfigurationList section */
	};
	rootObject = 39519CAD2B97112D0052503E /* Project object */;
}
